
Microsoft Visual Studio Solution File, Format Version 12.00
# Visual Studio Version 17
VisualStudioVersion = 17.9.34616.47
MinimumVisualStudioVersion = 10.0.40219.1
Project("{2150E333-8FDC-42A3-9474-1A3956D46DE8}") = "Frontend", "Frontend", "{0D8EB214-35E9-4A2A-A411-3CDE2FFD1285}"
EndProject
Project("{2150E333-8FDC-42A3-9474-1A3956D46DE8}") = "Services", "Services", "{19E38D35-2EFF-471C-A8C2-9DA7307F7A66}"
EndProject
Project("{9A19103F-16F7-4668-BE54-9A1E7A4F7556}") = "Services.DataProcessAPI", "Services.DataProcessAPI\Services.DataProcessAPI.csproj", "{7669C3D1-7651-4519-81D5-05F64580379C}"
EndProject
Project("{9A19103F-16F7-4668-BE54-9A1E7A4F7556}") = "Services.AuthAPI", "Services.AuthAPI\Services.AuthAPI.csproj", "{97D125B0-0A42-46CC-92EA-07B5A415AD2F}"
EndProject
Project("{9A19103F-16F7-4668-BE54-9A1E7A4F7556}") = "WebUI", "WebUI\WebUI.csproj", "{5E41A0F8-1836-4550-9B01-13AD564AA994}"
EndProject
Project("{2150E333-8FDC-42A3-9474-1A3956D46DE8}") = "Test", "Test", "{00382DB5-357C-4B1E-B637-62B26DC336AB}"
EndProject
Project("{2150E333-8FDC-42A3-9474-1A3956D46DE8}") = "Test", "Test", "{5947BDE3-80D8-4328-B9AC-03FD99F65B98}"
EndProject
Project("{9A19103F-16F7-4668-BE54-9A1E7A4F7556}") = "Services.DataProcessAPI.Test", "Services.DataProcessAPI.Test\Services.DataProcessAPI.Test.csproj", "{CDFF73E9-1E42-4FC5-BD36-4BF2AB4A32F2}"
EndProject
Project("{9A19103F-16F7-4668-BE54-9A1E7A4F7556}") = "Services.AuthAPI.Test", "Services.AuthAPI.Test\Services.AuthAPI.Test.csproj", "{8282BC51-C17E-466C-B7F7-D8D67F5A16AA}"
EndProject
Project("{9A19103F-16F7-4668-BE54-9A1E7A4F7556}") = "WebUI.Test", "WebUI.Test\WebUI.Test.csproj", "{EAB85AB0-FA87-40C1-BF32-CC83BC9E038A}"
EndProject
Project("{E53339B2-1760-4266-BCC7-CA923CBCF16C}") = "docker-compose", "docker-compose.dcproj", "{0314C2C1-77A5-446B-BAD0-CE3B881C528F}"
EndProject
Global
	GlobalSection(SolutionConfigurationPlatforms) = preSolution
		Debug|Any CPU = Debug|Any CPU
		Release|Any CPU = Release|Any CPU
	EndGlobalSection
	GlobalSection(ProjectConfigurationPlatforms) = postSolution
		{7669C3D1-7651-4519-81D5-05F64580379C}.Debug|Any CPU.ActiveCfg = Debug|Any CPU
		{7669C3D1-7651-4519-81D5-05F64580379C}.Debug|Any CPU.Build.0 = Debug|Any CPU
		{7669C3D1-7651-4519-81D5-05F64580379C}.Release|Any CPU.ActiveCfg = Release|Any CPU
		{7669C3D1-7651-4519-81D5-05F64580379C}.Release|Any CPU.Build.0 = Release|Any CPU
		{97D125B0-0A42-46CC-92EA-07B5A415AD2F}.Debug|Any CPU.ActiveCfg = Debug|Any CPU
		{97D125B0-0A42-46CC-92EA-07B5A415AD2F}.Debug|Any CPU.Build.0 = Debug|Any CPU
		{97D125B0-0A42-46CC-92EA-07B5A415AD2F}.Release|Any CPU.ActiveCfg = Release|Any CPU
		{97D125B0-0A42-46CC-92EA-07B5A415AD2F}.Release|Any CPU.Build.0 = Release|Any CPU
		{5E41A0F8-1836-4550-9B01-13AD564AA994}.Debug|Any CPU.ActiveCfg = Debug|Any CPU
		{5E41A0F8-1836-4550-9B01-13AD564AA994}.Debug|Any CPU.Build.0 = Debug|Any CPU
		{5E41A0F8-1836-4550-9B01-13AD564AA994}.Release|Any CPU.ActiveCfg = Release|Any CPU
		{5E41A0F8-1836-4550-9B01-13AD564AA994}.Release|Any CPU.Build.0 = Release|Any CPU
		{CDFF73E9-1E42-4FC5-BD36-4BF2AB4A32F2}.Debug|Any CPU.ActiveCfg = Debug|Any CPU
		{CDFF73E9-1E42-4FC5-BD36-4BF2AB4A32F2}.Debug|Any CPU.Build.0 = Debug|Any CPU
		{CDFF73E9-1E42-4FC5-BD36-4BF2AB4A32F2}.Release|Any CPU.ActiveCfg = Release|Any CPU
		{CDFF73E9-1E42-4FC5-BD36-4BF2AB4A32F2}.Release|Any CPU.Build.0 = Release|Any CPU
		{8282BC51-C17E-466C-B7F7-D8D67F5A16AA}.Debug|Any CPU.ActiveCfg = Debug|Any CPU
		{8282BC51-C17E-466C-B7F7-D8D67F5A16AA}.Debug|Any CPU.Build.0 = Debug|Any CPU
		{8282BC51-C17E-466C-B7F7-D8D67F5A16AA}.Release|Any CPU.ActiveCfg = Release|Any CPU
		{8282BC51-C17E-466C-B7F7-D8D67F5A16AA}.Release|Any CPU.Build.0 = Release|Any CPU
		{EAB85AB0-FA87-40C1-BF32-CC83BC9E038A}.Debug|Any CPU.ActiveCfg = Debug|Any CPU
		{EAB85AB0-FA87-40C1-BF32-CC83BC9E038A}.Debug|Any CPU.Build.0 = Debug|Any CPU
		{EAB85AB0-FA87-40C1-BF32-CC83BC9E038A}.Release|Any CPU.ActiveCfg = Release|Any CPU
		{EAB85AB0-FA87-40C1-BF32-CC83BC9E038A}.Release|Any CPU.Build.0 = Release|Any CPU
		{0314C2C1-77A5-446B-BAD0-CE3B881C528F}.Debug|Any CPU.ActiveCfg = Debug|Any CPU
		{0314C2C1-77A5-446B-BAD0-CE3B881C528F}.Debug|Any CPU.Build.0 = Debug|Any CPU
		{0314C2C1-77A5-446B-BAD0-CE3B881C528F}.Release|Any CPU.ActiveCfg = Release|Any CPU
		{0314C2C1-77A5-446B-BAD0-CE3B881C528F}.Release|Any CPU.Build.0 = Release|Any CPU
	EndGlobalSection
	GlobalSection(SolutionProperties) = preSolution
		HideSolutionNode = FALSE
	EndGlobalSection
	GlobalSection(NestedProjects) = preSolution
		{7669C3D1-7651-4519-81D5-05F64580379C} = {19E38D35-2EFF-471C-A8C2-9DA7307F7A66}
		{97D125B0-0A42-46CC-92EA-07B5A415AD2F} = {19E38D35-2EFF-471C-A8C2-9DA7307F7A66}
		{5E41A0F8-1836-4550-9B01-13AD564AA994} = {0D8EB214-35E9-4A2A-A411-3CDE2FFD1285}
		{00382DB5-357C-4B1E-B637-62B26DC336AB} = {0D8EB214-35E9-4A2A-A411-3CDE2FFD1285}
		{5947BDE3-80D8-4328-B9AC-03FD99F65B98} = {19E38D35-2EFF-471C-A8C2-9DA7307F7A66}
		{CDFF73E9-1E42-4FC5-BD36-4BF2AB4A32F2} = {5947BDE3-80D8-4328-B9AC-03FD99F65B98}
		{8282BC51-C17E-466C-B7F7-D8D67F5A16AA} = {5947BDE3-80D8-4328-B9AC-03FD99F65B98}
		{EAB85AB0-FA87-40C1-BF32-CC83BC9E038A} = {00382DB5-357C-4B1E-B637-62B26DC336AB}
	EndGlobalSection
	GlobalSection(ExtensibilityGlobals) = postSolution
		SolutionGuid = {D8D6737F-9666-442F-9629-20DEC71887A0}
	EndGlobalSection
EndGlobal
